
Microsoft Visual Studio Solution File, Format Version 12.00
# Visual Studio Version 17
VisualStudioVersion = 17.0.31903.59
MinimumVisualStudioVersion = 10.0.40219.1
Project("{FAE04EC0-301F-11D3-BF4B-00C04F79EFBC}") = "HowManyOfThisType", "HowManyOfThisType\HowManyOfThisType.csproj", "{54AF8FCB-AF4B-417E-BFD1-586A0C0EB5E2}"
EndProject
Project("{FAE04EC0-301F-11D3-BF4B-00C04F79EFBC}") = "TheyCameBefore", "TheyCameBefore\TheyCameBefore.csproj", "{C9A48E86-CA05-49D7-9D57-F6FD0787789B}"
EndProject
Project("{FAE04EC0-301F-11D3-BF4B-00C04F79EFBC}") = "MyGenericClass", "MyGenericClass\MyGenericClass.csproj", "{4C0B73A1-5DF5-46DA-A35D-5463BE878FF1}"
EndProject
Project("{FAE04EC0-301F-11D3-BF4B-00C04F79EFBC}") = "MyEnumerable", "MyEnumerable\MyEnumerable.csproj", "{A463C6E9-EF81-45BB-8CA3-BB4F4638CE14}"
EndProject
Project("{FAE04EC0-301F-11D3-BF4B-00C04F79EFBC}") = "JustLikeACollection", "JustLikeACollection\JustLikeACollection.csproj", "{1946F654-9CAF-4FBA-A9D0-E476AE23036F}"
EndProject
Global
	GlobalSection(SolutionConfigurationPlatforms) = preSolution
		Debug|Any CPU = Debug|Any CPU
		Release|Any CPU = Release|Any CPU
	EndGlobalSection
	GlobalSection(SolutionProperties) = preSolution
		HideSolutionNode = FALSE
	EndGlobalSection
	GlobalSection(ProjectConfigurationPlatforms) = postSolution
		{54AF8FCB-AF4B-417E-BFD1-586A0C0EB5E2}.Debug|Any CPU.ActiveCfg = Debug|Any CPU
		{54AF8FCB-AF4B-417E-BFD1-586A0C0EB5E2}.Debug|Any CPU.Build.0 = Debug|Any CPU
		{54AF8FCB-AF4B-417E-BFD1-586A0C0EB5E2}.Release|Any CPU.ActiveCfg = Release|Any CPU
		{54AF8FCB-AF4B-417E-BFD1-586A0C0EB5E2}.Release|Any CPU.Build.0 = Release|Any CPU
		{C9A48E86-CA05-49D7-9D57-F6FD0787789B}.Debug|Any CPU.ActiveCfg = Debug|Any CPU
		{C9A48E86-CA05-49D7-9D57-F6FD0787789B}.Debug|Any CPU.Build.0 = Debug|Any CPU
		{C9A48E86-CA05-49D7-9D57-F6FD0787789B}.Release|Any CPU.ActiveCfg = Release|Any CPU
		{C9A48E86-CA05-49D7-9D57-F6FD0787789B}.Release|Any CPU.Build.0 = Release|Any CPU
		{4C0B73A1-5DF5-46DA-A35D-5463BE878FF1}.Debug|Any CPU.ActiveCfg = Debug|Any CPU
		{4C0B73A1-5DF5-46DA-A35D-5463BE878FF1}.Debug|Any CPU.Build.0 = Debug|Any CPU
		{4C0B73A1-5DF5-46DA-A35D-5463BE878FF1}.Release|Any CPU.ActiveCfg = Release|Any CPU
		{4C0B73A1-5DF5-46DA-A35D-5463BE878FF1}.Release|Any CPU.Build.0 = Release|Any CPU
		{A463C6E9-EF81-45BB-8CA3-BB4F4638CE14}.Debug|Any CPU.ActiveCfg = Debug|Any CPU
		{A463C6E9-EF81-45BB-8CA3-BB4F4638CE14}.Debug|Any CPU.Build.0 = Debug|Any CPU
		{A463C6E9-EF81-45BB-8CA3-BB4F4638CE14}.Release|Any CPU.ActiveCfg = Release|Any CPU
		{A463C6E9-EF81-45BB-8CA3-BB4F4638CE14}.Release|Any CPU.Build.0 = Release|Any CPU
		{1946F654-9CAF-4FBA-A9D0-E476AE23036F}.Debug|Any CPU.ActiveCfg = Debug|Any CPU
		{1946F654-9CAF-4FBA-A9D0-E476AE23036F}.Debug|Any CPU.Build.0 = Debug|Any CPU
		{1946F654-9CAF-4FBA-A9D0-E476AE23036F}.Release|Any CPU.ActiveCfg = Release|Any CPU
		{1946F654-9CAF-4FBA-A9D0-E476AE23036F}.Release|Any CPU.Build.0 = Release|Any CPU
	EndGlobalSection
EndGlobal
